
Microsoft Visual Studio Solution File, Format Version 12.00
# Visual Studio Version 17
VisualStudioVersion = 17.14.36408.4 d17.14
MinimumVisualStudioVersion = 10.0.40219.1
Project("{FAE04EC0-301F-11D3-BF4B-00C04F79EFBC}") = "Task_2_Login_Form", "Task_2_Login_Form\Task_2_Login_Form.csproj", "{A2117172-6398-4904-B43D-696772309400}"
EndProject
Global
	GlobalSection(SolutionConfigurationPlatforms) = preSolution
		Debug|Any CPU = Debug|Any CPU
		Release|Any CPU = Release|Any CPU
	EndGlobalSection
	GlobalSection(ProjectConfigurationPlatforms) = postSolution
		{A2117172-6398-4904-B43D-696772309400}.Debug|Any CPU.ActiveCfg = Debug|Any CPU
		{A2117172-6398-4904-B43D-696772309400}.Debug|Any CPU.Build.0 = Debug|Any CPU
		{A2117172-6398-4904-B43D-696772309400}.Release|Any CPU.ActiveCfg = Release|Any CPU
		{A2117172-6398-4904-B43D-696772309400}.Release|Any CPU.Build.0 = Release|Any CPU
	EndGlobalSection
	GlobalSection(SolutionProperties) = preSolution
		HideSolutionNode = FALSE
	EndGlobalSection
	GlobalSection(ExtensibilityGlobals) = postSolution
		SolutionGuid = {842E4501-B3CF-4306-A60B-6C9E8244894B}
	EndGlobalSection
EndGlobal
