
Microsoft Visual Studio Solution File, Format Version 12.00
# Visual Studio Version 17
VisualStudioVersion = 17.14.36408.4 d17.14
MinimumVisualStudioVersion = 10.0.40219.1
Project("{FAE04EC0-301F-11D3-BF4B-00C04F79EFBC}") = "Task_4_Paint_Clear", "Task_4_Paint_Clear\Task_4_Paint_Clear.csproj", "{74C4B6C3-4B1D-47A2-999E-E9B183637B52}"
EndProject
Global
	GlobalSection(SolutionConfigurationPlatforms) = preSolution
		Debug|Any CPU = Debug|Any CPU
		Release|Any CPU = Release|Any CPU
	EndGlobalSection
	GlobalSection(ProjectConfigurationPlatforms) = postSolution
		{74C4B6C3-4B1D-47A2-999E-E9B183637B52}.Debug|Any CPU.ActiveCfg = Debug|Any CPU
		{74C4B6C3-4B1D-47A2-999E-E9B183637B52}.Debug|Any CPU.Build.0 = Debug|Any CPU
		{74C4B6C3-4B1D-47A2-999E-E9B183637B52}.Release|Any CPU.ActiveCfg = Release|Any CPU
		{74C4B6C3-4B1D-47A2-999E-E9B183637B52}.Release|Any CPU.Build.0 = Release|Any CPU
	EndGlobalSection
	GlobalSection(SolutionProperties) = preSolution
		HideSolutionNode = FALSE
	EndGlobalSection
	GlobalSection(ExtensibilityGlobals) = postSolution
		SolutionGuid = {4FE97E4E-2777-4885-ACB0-FF5254182B46}
	EndGlobalSection
EndGlobal
