
Microsoft Visual Studio Solution File, Format Version 12.00
# Visual Studio Version 17
VisualStudioVersion = 17.14.36301.6
MinimumVisualStudioVersion = 10.0.40219.1
Project("{FAE04EC0-301F-11D3-BF4B-00C04F79EFBC}") = "Shapes", "Shapes\Shapes.csproj", "{E22CD61E-25B3-40F6-AC41-F97951FCCD40}"
EndProject
Project("{FAE04EC0-301F-11D3-BF4B-00C04F79EFBC}") = "EInhertance", "EInhertance\EInhertance.csproj", "{4840C91C-6E3F-49CF-B58D-086395DD8627}"
EndProject
Project("{FAE04EC0-301F-11D3-BF4B-00C04F79EFBC}") = "Complex", "Complex\Complex.csproj", "{2186FDAB-DF3F-4CF9-AF93-60349D0AF6E9}"
EndProject
Project("{FAE04EC0-301F-11D3-BF4B-00C04F79EFBC}") = "Fraction", "Fraction\Fraction.csproj", "{33D74648-E474-4C73-AC3C-82135392086C}"
EndProject
Project("{FAE04EC0-301F-11D3-BF4B-00C04F79EFBC}") = "Singleton", "Singleton\Singleton.csproj", "{99D8CE9D-0001-407D-ACD4-C3786C2A40EA}"
EndProject
Project("{FAE04EC0-301F-11D3-BF4B-00C04F79EFBC}") = "Duration", "Duration\Duration.csproj", "{E0942D17-B94E-4661-99EE-596FAFB12FE3}"
EndProject
Global
	GlobalSection(SolutionConfigurationPlatforms) = preSolution
		Debug|Any CPU = Debug|Any CPU
		Release|Any CPU = Release|Any CPU
	EndGlobalSection
	GlobalSection(ProjectConfigurationPlatforms) = postSolution
		{E22CD61E-25B3-40F6-AC41-F97951FCCD40}.Debug|Any CPU.ActiveCfg = Debug|Any CPU
		{E22CD61E-25B3-40F6-AC41-F97951FCCD40}.Debug|Any CPU.Build.0 = Debug|Any CPU
		{E22CD61E-25B3-40F6-AC41-F97951FCCD40}.Release|Any CPU.ActiveCfg = Release|Any CPU
		{E22CD61E-25B3-40F6-AC41-F97951FCCD40}.Release|Any CPU.Build.0 = Release|Any CPU
		{4840C91C-6E3F-49CF-B58D-086395DD8627}.Debug|Any CPU.ActiveCfg = Debug|Any CPU
		{4840C91C-6E3F-49CF-B58D-086395DD8627}.Debug|Any CPU.Build.0 = Debug|Any CPU
		{4840C91C-6E3F-49CF-B58D-086395DD8627}.Release|Any CPU.ActiveCfg = Release|Any CPU
		{4840C91C-6E3F-49CF-B58D-086395DD8627}.Release|Any CPU.Build.0 = Release|Any CPU
		{2186FDAB-DF3F-4CF9-AF93-60349D0AF6E9}.Debug|Any CPU.ActiveCfg = Debug|Any CPU
		{2186FDAB-DF3F-4CF9-AF93-60349D0AF6E9}.Debug|Any CPU.Build.0 = Debug|Any CPU
		{2186FDAB-DF3F-4CF9-AF93-60349D0AF6E9}.Release|Any CPU.ActiveCfg = Release|Any CPU
		{2186FDAB-DF3F-4CF9-AF93-60349D0AF6E9}.Release|Any CPU.Build.0 = Release|Any CPU
		{33D74648-E474-4C73-AC3C-82135392086C}.Debug|Any CPU.ActiveCfg = Debug|Any CPU
		{33D74648-E474-4C73-AC3C-82135392086C}.Debug|Any CPU.Build.0 = Debug|Any CPU
		{33D74648-E474-4C73-AC3C-82135392086C}.Release|Any CPU.ActiveCfg = Release|Any CPU
		{33D74648-E474-4C73-AC3C-82135392086C}.Release|Any CPU.Build.0 = Release|Any CPU
		{99D8CE9D-0001-407D-ACD4-C3786C2A40EA}.Debug|Any CPU.ActiveCfg = Debug|Any CPU
		{99D8CE9D-0001-407D-ACD4-C3786C2A40EA}.Debug|Any CPU.Build.0 = Debug|Any CPU
		{99D8CE9D-0001-407D-ACD4-C3786C2A40EA}.Release|Any CPU.ActiveCfg = Release|Any CPU
		{99D8CE9D-0001-407D-ACD4-C3786C2A40EA}.Release|Any CPU.Build.0 = Release|Any CPU
		{E0942D17-B94E-4661-99EE-596FAFB12FE3}.Debug|Any CPU.ActiveCfg = Debug|Any CPU
		{E0942D17-B94E-4661-99EE-596FAFB12FE3}.Debug|Any CPU.Build.0 = Debug|Any CPU
		{E0942D17-B94E-4661-99EE-596FAFB12FE3}.Release|Any CPU.ActiveCfg = Release|Any CPU
		{E0942D17-B94E-4661-99EE-596FAFB12FE3}.Release|Any CPU.Build.0 = Release|Any CPU
	EndGlobalSection
	GlobalSection(SolutionProperties) = preSolution
		HideSolutionNode = FALSE
	EndGlobalSection
	GlobalSection(ExtensibilityGlobals) = postSolution
		SolutionGuid = {CE33CC1E-D705-408B-B6E5-95AEC6B51D1C}
	EndGlobalSection
EndGlobal
