
Microsoft Visual Studio Solution File, Format Version 12.00
# Visual Studio Version 17
VisualStudioVersion = 17.14.36408.4 d17.14
MinimumVisualStudioVersion = 10.0.40219.1
Project("{FAE04EC0-301F-11D3-BF4B-00C04F79EFBC}") = "Task_2_TextWriter", "Task_2_TextWriter\Task_2_TextWriter.csproj", "{CEF356F7-206F-4B45-961A-11FD0B1C90A9}"
EndProject
Global
	GlobalSection(SolutionConfigurationPlatforms) = preSolution
		Debug|Any CPU = Debug|Any CPU
		Release|Any CPU = Release|Any CPU
	EndGlobalSection
	GlobalSection(ProjectConfigurationPlatforms) = postSolution
		{CEF356F7-206F-4B45-961A-11FD0B1C90A9}.Debug|Any CPU.ActiveCfg = Debug|Any CPU
		{CEF356F7-206F-4B45-961A-11FD0B1C90A9}.Debug|Any CPU.Build.0 = Debug|Any CPU
		{CEF356F7-206F-4B45-961A-11FD0B1C90A9}.Release|Any CPU.ActiveCfg = Release|Any CPU
		{CEF356F7-206F-4B45-961A-11FD0B1C90A9}.Release|Any CPU.Build.0 = Release|Any CPU
	EndGlobalSection
	GlobalSection(SolutionProperties) = preSolution
		HideSolutionNode = FALSE
	EndGlobalSection
	GlobalSection(ExtensibilityGlobals) = postSolution
		SolutionGuid = {74AC4C15-0906-49B4-A0F5-B5BECCA75781}
	EndGlobalSection
EndGlobal
