
Microsoft Visual Studio Solution File, Format Version 12.00
# Visual Studio Version 17
VisualStudioVersion = 17.14.36408.4 d17.14
MinimumVisualStudioVersion = 10.0.40219.1
Project("{FAE04EC0-301F-11D3-BF4B-00C04F79EFBC}") = "Lab_1_CRUD_Console", "Lab_1_CRUD_Console\Lab_1_CRUD_Console.csproj", "{22600F28-06C4-4DDE-878F-A4D5D0D32092}"
EndProject
Global
	GlobalSection(SolutionConfigurationPlatforms) = preSolution
		Debug|Any CPU = Debug|Any CPU
		Release|Any CPU = Release|Any CPU
	EndGlobalSection
	GlobalSection(ProjectConfigurationPlatforms) = postSolution
		{22600F28-06C4-4DDE-878F-A4D5D0D32092}.Debug|Any CPU.ActiveCfg = Debug|Any CPU
		{22600F28-06C4-4DDE-878F-A4D5D0D32092}.Debug|Any CPU.Build.0 = Debug|Any CPU
		{22600F28-06C4-4DDE-878F-A4D5D0D32092}.Release|Any CPU.ActiveCfg = Release|Any CPU
		{22600F28-06C4-4DDE-878F-A4D5D0D32092}.Release|Any CPU.Build.0 = Release|Any CPU
	EndGlobalSection
	GlobalSection(SolutionProperties) = preSolution
		HideSolutionNode = FALSE
	EndGlobalSection
	GlobalSection(ExtensibilityGlobals) = postSolution
		SolutionGuid = {21CBFA5B-0664-4E9E-98C2-9E0945132639}
	EndGlobalSection
EndGlobal
