
Microsoft Visual Studio Solution File, Format Version 12.00
# Visual Studio Version 17
VisualStudioVersion = 17.14.36301.6 d17.14
MinimumVisualStudioVersion = 10.0.40219.1
Project("{FAE04EC0-301F-11D3-BF4B-00C04F79EFBC}") = "Lab_01", "Lab_01\Lab_01.csproj", "{4CE39BE3-887A-4A91-977E-3AEEFC94980A}"
EndProject
Global
	GlobalSection(SolutionConfigurationPlatforms) = preSolution
		Debug|Any CPU = Debug|Any CPU
		Release|Any CPU = Release|Any CPU
	EndGlobalSection
	GlobalSection(ProjectConfigurationPlatforms) = postSolution
		{4CE39BE3-887A-4A91-977E-3AEEFC94980A}.Debug|Any CPU.ActiveCfg = Debug|Any CPU
		{4CE39BE3-887A-4A91-977E-3AEEFC94980A}.Debug|Any CPU.Build.0 = Debug|Any CPU
		{4CE39BE3-887A-4A91-977E-3AEEFC94980A}.Release|Any CPU.ActiveCfg = Release|Any CPU
		{4CE39BE3-887A-4A91-977E-3AEEFC94980A}.Release|Any CPU.Build.0 = Release|Any CPU
	EndGlobalSection
	GlobalSection(SolutionProperties) = preSolution
		HideSolutionNode = FALSE
	EndGlobalSection
	GlobalSection(ExtensibilityGlobals) = postSolution
		SolutionGuid = {692E07FC-7E1A-417C-8664-3A9FBD35E61D}
	EndGlobalSection
EndGlobal
